
Microsoft Visual Studio Solution File, Format Version 12.00
# Visual Studio Version 17
VisualStudioVersion = 17.9.34728.123
MinimumVisualStudioVersion = 10.0.40219.1
Project("{FAE04EC0-301F-11D3-BF4B-00C04F79EFBC}") = "Sync-Scopes", "Sync-Scopes\Sync-Scopes.csproj", "{FC0372DC-5CF3-489E-A4E4-03E75999E492}"
EndProject
Project("{FAE04EC0-301F-11D3-BF4B-00C04F79EFBC}") = "Sync_Scopes.UnitTests", "Sync_Scopes.UnitTests\Sync_Scopes.UnitTests.csproj", "{C04D3CF2-6BAA-4EBF-B92F-0D34EDA188CD}"
EndProject
Global
	GlobalSection(SolutionConfigurationPlatforms) = preSolution
		Debug|Any CPU = Debug|Any CPU
		Release|Any CPU = Release|Any CPU
	EndGlobalSection
	GlobalSection(ProjectConfigurationPlatforms) = postSolution
		{FC0372DC-5CF3-489E-A4E4-03E75999E492}.Debug|Any CPU.ActiveCfg = Debug|Any CPU
		{FC0372DC-5CF3-489E-A4E4-03E75999E492}.Debug|Any CPU.Build.0 = Debug|Any CPU
		{FC0372DC-5CF3-489E-A4E4-03E75999E492}.Release|Any CPU.ActiveCfg = Release|Any CPU
		{FC0372DC-5CF3-489E-A4E4-03E75999E492}.Release|Any CPU.Build.0 = Release|Any CPU
		{C04D3CF2-6BAA-4EBF-B92F-0D34EDA188CD}.Debug|Any CPU.ActiveCfg = Debug|Any CPU
		{C04D3CF2-6BAA-4EBF-B92F-0D34EDA188CD}.Debug|Any CPU.Build.0 = Debug|Any CPU
		{C04D3CF2-6BAA-4EBF-B92F-0D34EDA188CD}.Release|Any CPU.ActiveCfg = Release|Any CPU
		{C04D3CF2-6BAA-4EBF-B92F-0D34EDA188CD}.Release|Any CPU.Build.0 = Release|Any CPU
	EndGlobalSection
	GlobalSection(SolutionProperties) = preSolution
		HideSolutionNode = FALSE
	EndGlobalSection
	GlobalSection(ExtensibilityGlobals) = postSolution
		SolutionGuid = {619B7C89-DD2F-4488-833E-66E6B886644C}
	EndGlobalSection
EndGlobal
